
Microsoft Visual Studio Solution File, Format Version 12.00
# Visual Studio 15
VisualStudioVersion = 15.0.28307.489
MinimumVisualStudioVersion = 10.0.40219.1
Project("{FAE04EC0-301F-11D3-BF4B-00C04F79EFBC}") = "BIGSCHOOL_TPB", "BIGSCHOOL_TPB\BIGSCHOOL_TPB.csproj", "{941E26A2-F034-4C7C-8CB0-7D4F32E5CCBA}"
EndProject
Global
	GlobalSection(SolutionConfigurationPlatforms) = preSolution
		Debug|Any CPU = Debug|Any CPU
		Release|Any CPU = Release|Any CPU
	EndGlobalSection
	GlobalSection(ProjectConfigurationPlatforms) = postSolution
		{941E26A2-F034-4C7C-8CB0-7D4F32E5CCBA}.Debug|Any CPU.ActiveCfg = Debug|Any CPU
		{941E26A2-F034-4C7C-8CB0-7D4F32E5CCBA}.Debug|Any CPU.Build.0 = Debug|Any CPU
		{941E26A2-F034-4C7C-8CB0-7D4F32E5CCBA}.Release|Any CPU.ActiveCfg = Release|Any CPU
		{941E26A2-F034-4C7C-8CB0-7D4F32E5CCBA}.Release|Any CPU.Build.0 = Release|Any CPU
	EndGlobalSection
	GlobalSection(SolutionProperties) = preSolution
		HideSolutionNode = FALSE
	EndGlobalSection
	GlobalSection(ExtensibilityGlobals) = postSolution
		SolutionGuid = {EFEB3F28-6CA2-413D-86AE-F9117CFAC71B}
	EndGlobalSection
EndGlobal
